// !$*UTF8*$!
{
	archiveVersion = 1;
	classes = {
	};
	objectVersion = 48;
	objects = {

/* Begin PBXBuildFile section */
		200448A51FBFB7A40042374F /* AppDelegate.swift in Sources */ = {isa = PBXBuildFile; fileRef = 200448A41FBFB7A40042374F /* AppDelegate.swift */; };
		200448A71FBFB7A40042374F /* ViewController.swift in Sources */ = {isa = PBXBuildFile; fileRef = 200448A61FBFB7A40042374F /* ViewController.swift */; };
		200448AA1FBFB7A40042374F /* Main.storyboard in Resources */ = {isa = PBXBuildFile; fileRef = 200448A81FBFB7A40042374F /* Main.storyboard */; };
		200448AC1FBFB7A40042374F /* Assets.xcassets in Resources */ = {isa = PBXBuildFile; fileRef = 200448AB1FBFB7A40042374F /* Assets.xcassets */; };
		200448AF1FBFB7A40042374F /* LaunchScreen.storyboard in Resources */ = {isa = PBXBuildFile; fileRef = 200448AD1FBFB7A40042374F /* LaunchScreen.storyboard */; };
		200448BA1FBFB7A40042374F /* Team02_BlueTests.swift in Sources */ = {isa = PBXBuildFile; fileRef = 200448B91FBFB7A40042374F /* Team02_BlueTests.swift */; };
		200448C51FBFB7A40042374F /* Team02_BlueUITests.swift in Sources */ = {isa = PBXBuildFile; fileRef = 200448C41FBFB7A40042374F /* Team02_BlueUITests.swift */; };
/* End PBXBuildFile section */

/* Begin PBXContainerItemProxy section */
		200448B61FBFB7A40042374F /* PBXContainerItemProxy */ = {
			isa = PBXContainerItemProxy;
			containerPortal = 200448991FBFB7A40042374F /* Project object */;
			proxyType = 1;
			remoteGlobalIDString = 200448A01FBFB7A40042374F;
			remoteInfo = Team02_Blue;
		};
		200448C11FBFB7A40042374F /* PBXContainerItemProxy */ = {
			isa = PBXContainerItemProxy;
			containerPortal = 200448991FBFB7A40042374F /* Project object */;
			proxyType = 1;
			remoteGlobalIDString = 200448A01FBFB7A40042374F;
			remoteInfo = Team02_Blue;
		};
/* End PBXContainerItemProxy section */

/* Begin PBXFileReference section */
		200448A11FBFB7A40042374F /* Team02_Blue.app */ = {isa = PBXFileReference; explicitFileType = wrapper.application; includeInIndex = 0; path = Team02_Blue.app; sourceTree = BUILT_PRODUCTS_DIR; };
		200448A41FBFB7A40042374F /* AppDelegate.swift */ = {isa = PBXFileReference; lastKnownFileType = sourcecode.swift; path = AppDelegate.swift; sourceTree = "<group>"; };
		200448A61FBFB7A40042374F /* ViewController.swift */ = {isa = PBXFileReference; lastKnownFileType = sourcecode.swift; path = ViewController.swift; sourceTree = "<group>"; };
		200448A91FBFB7A40042374F /* Base */ = {isa = PBXFileReference; lastKnownFileType = file.storyboard; name = Base; path = Base.lproj/Main.storyboard; sourceTree = "<group>"; };
		200448AB1FBFB7A40042374F /* Assets.xcassets */ = {isa = PBXFileReference; lastKnownFileType = folder.assetcatalog; path = Assets.xcassets; sourceTree = "<group>"; };
		200448AE1FBFB7A40042374F /* Base */ = {isa = PBXFileReference; lastKnownFileType = file.storyboard; name = Base; path = Base.lproj/LaunchScreen.storyboard; sourceTree = "<group>"; };
		200448B01FBFB7A40042374F /* Info.plist */ = {isa = PBXFileReference; lastKnownFileType = text.plist.xml; path = Info.plist; sourceTree = "<group>"; };
		200448B51FBFB7A40042374F /* Team02_BlueTests.xctest */ = {isa = PBXFileReference; explicitFileType = wrapper.cfbundle; includeInIndex = 0; path = Team02_BlueTests.xctest; sourceTree = BUILT_PRODUCTS_DIR; };
		200448B91FBFB7A40042374F /* Team02_BlueTests.swift */ = {isa = PBXFileReference; lastKnownFileType = sourcecode.swift; path = Team02_BlueTests.swift; sourceTree = "<group>"; };
		200448BB1FBFB7A40042374F /* Info.plist */ = {isa = PBXFileReference; lastKnownFileType = text.plist.xml; path = Info.plist; sourceTree = "<group>"; };
		200448C01FBFB7A40042374F /* Team02_BlueUITests.xctest */ = {isa = PBXFileReference; explicitFileType = wrapper.cfbundle; includeInIndex = 0; path = Team02_BlueUITests.xctest; sourceTree = BUILT_PRODUCTS_DIR; };
		200448C41FBFB7A40042374F /* Team02_BlueUITests.swift */ = {isa = PBXFileReference; lastKnownFileType = sourcecode.swift; path = Team02_BlueUITests.swift; sourceTree = "<group>"; };
		200448C61FBFB7A40042374F /* Info.plist */ = {isa = PBXFileReference; lastKnownFileType = text.plist.xml; path = Info.plist; sourceTree = "<group>"; };
/* End PBXFileReference section */

/* Begin PBXFrameworksBuildPhase section */
		2004489E1FBFB7A40042374F /* Frameworks */ = {
			isa = PBXFrameworksBuildPhase;
			buildActionMask = 2147483647;
			files = (
			);
			runOnlyForDeploymentPostprocessing = 0;
		};
		200448B21FBFB7A40042374F /* Frameworks */ = {
			isa = PBXFrameworksBuildPhase;
			buildActionMask = 2147483647;
			files = (
			);
			runOnlyForDeploymentPostprocessing = 0;
		};
		200448BD1FBFB7A40042374F /* Frameworks */ = {
			isa = PBXFrameworksBuildPhase;
			buildActionMask = 2147483647;
			files = (
			);
			runOnlyForDeploymentPostprocessing = 0;
		};
/* End PBXFrameworksBuildPhase section */

/* Begin PBXGroup section */
		200448981FBFB7A40042374F = {
			isa = PBXGroup;
			children = (
				200448A31FBFB7A40042374F /* Team02_Blue */,
				200448B81FBFB7A40042374F /* Team02_BlueTests */,
				200448C31FBFB7A40042374F /* Team02_BlueUITests */,
				200448A21FBFB7A40042374F /* Products */,
			);
			sourceTree = "<group>";
		};
		200448A21FBFB7A40042374F /* Products */ = {
			isa = PBXGroup;
			children = (
				200448A11FBFB7A40042374F /* Team02_Blue.app */,
				200448B51FBFB7A40042374F /* Team02_BlueTests.xctest */,
				200448C01FBFB7A40042374F /* Team02_BlueUITests.xctest */,
			);
			name = Products;
			sourceTree = "<group>";
		};
		200448A31FBFB7A40042374F /* Team02_Blue */ = {
			isa = PBXGroup;
			children = (
				200448A41FBFB7A40042374F /* AppDelegate.swift */,
				200448A61FBFB7A40042374F /* ViewController.swift */,
				200448A81FBFB7A40042374F /* Main.storyboard */,
				200448AB1FBFB7A40042374F /* Assets.xcassets */,
				200448AD1FBFB7A40042374F /* LaunchScreen.storyboard */,
				200448B01FBFB7A40042374F /* Info.plist */,
			);
			path = Team02_Blue;
			sourceTree = "<group>";
		};
		200448B81FBFB7A40042374F /* Team02_BlueTests */ = {
			isa = PBXGroup;
			children = (
				200448B91FBFB7A40042374F /* Team02_BlueTests.swift */,
				200448BB1FBFB7A40042374F /* Info.plist */,
			);
			path = Team02_BlueTests;
			sourceTree = "<group>";
		};
		200448C31FBFB7A40042374F /* Team02_BlueUITests */ = {
			isa = PBXGroup;
			children = (
				200448C41FBFB7A40042374F /* Team02_BlueUITests.swift */,
				200448C61FBFB7A40042374F /* Info.plist */,
			);
			path = Team02_BlueUITests;
			sourceTree = "<group>";
		};
/* End PBXGroup section */

/* Begin PBXNativeTarget section */
		200448A01FBFB7A40042374F /* Team02_Blue */ = {
			isa = PBXNativeTarget;
			buildConfigurationList = 200448C91FBFB7A40042374F /* Build configuration list for PBXNativeTarget "Team02_Blue" */;
			buildPhases = (
				2004489D1FBFB7A40042374F /* Sources */,
				2004489E1FBFB7A40042374F /* Frameworks */,
				2004489F1FBFB7A40042374F /* Resources */,
			);
			buildRules = (
			);
			dependencies = (
			);
			name = Team02_Blue;
			productName = Team02_Blue;
			productReference = 200448A11FBFB7A40042374F /* Team02_Blue.app */;
			productType = "com.apple.product-type.application";
		};
		200448B41FBFB7A40042374F /* Team02_BlueTests */ = {
			isa = PBXNativeTarget;
			buildConfigurationList = 200448CC1FBFB7A40042374F /* Build configuration list for PBXNativeTarget "Team02_BlueTests" */;
			buildPhases = (
				200448B11FBFB7A40042374F /* Sources */,
				200448B21FBFB7A40042374F /* Frameworks */,
				200448B31FBFB7A40042374F /* Resources */,
			);
			buildRules = (
			);
			dependencies = (
				200448B71FBFB7A40042374F /* PBXTargetDependency */,
			);
			name = Team02_BlueTests;
			productName = Team02_BlueTests;
			productReference = 200448B51FBFB7A40042374F /* Team02_BlueTests.xctest */;
			productType = "com.apple.product-type.bundle.unit-test";
		};
		200448BF1FBFB7A40042374F /* Team02_BlueUITests */ = {
			isa = PBXNativeTarget;
			buildConfigurationList = 200448CF1FBFB7A40042374F /* Build configuration list for PBXNativeTarget "Team02_BlueUITests" */;
			buildPhases = (
				200448BC1FBFB7A40042374F /* Sources */,
				200448BD1FBFB7A40042374F /* Frameworks */,
				200448BE1FBFB7A40042374F /* Resources */,
			);
			buildRules = (
			);
			dependencies = (
				200448C21FBFB7A40042374F /* PBXTargetDependency */,
			);
			name = Team02_BlueUITests;
			productName = Team02_BlueUITests;
			productReference = 200448C01FBFB7A40042374F /* Team02_BlueUITests.xctest */;
			productType = "com.apple.product-type.bundle.ui-testing";
		};
/* End PBXNativeTarget section */

/* Begin PBXProject section */
		200448991FBFB7A40042374F /* Project object */ = {
			isa = PBXProject;
			attributes = {
				LastSwiftUpdateCheck = 0910;
				LastUpgradeCheck = 0910;
				ORGANIZATIONNAME = BlueTeam;
				TargetAttributes = {
					200448A01FBFB7A40042374F = {
						CreatedOnToolsVersion = 9.1;
						ProvisioningStyle = Automatic;
					};
					200448B41FBFB7A40042374F = {
						CreatedOnToolsVersion = 9.1;
						ProvisioningStyle = Automatic;
						TestTargetID = 200448A01FBFB7A40042374F;
					};
					200448BF1FBFB7A40042374F = {
						CreatedOnToolsVersion = 9.1;
						ProvisioningStyle = Automatic;
						TestTargetID = 200448A01FBFB7A40042374F;
					};
				};
			};
			buildConfigurationList = 2004489C1FBFB7A40042374F /* Build configuration list for PBXProject "Team02_Blue" */;
			compatibilityVersion = "Xcode 8.0";
			developmentRegion = en;
			hasScannedForEncodings = 0;
			knownRegions = (
				en,
				Base,
			);
			mainGroup = 200448981FBFB7A40042374F;
			productRefGroup = 200448A21FBFB7A40042374F /* Products */;
			projectDirPath = "";
			projectRoot = "";
			targets = (
				200448A01FBFB7A40042374F /* Team02_Blue */,
				200448B41FBFB7A40042374F /* Team02_BlueTests */,
				200448BF1FBFB7A40042374F /* Team02_BlueUITests */,
			);
		};
/* End PBXProject section */

/* Begin PBXResourcesBuildPhase section */
		2004489F1FBFB7A40042374F /* Resources */ = {
			isa = PBXResourcesBuildPhase;
			buildActionMask = 2147483647;
			files = (
				200448AF1FBFB7A40042374F /* LaunchScreen.storyboard in Resources */,
				200448AC1FBFB7A40042374F /* Assets.xcassets in Resources */,
				200448AA1FBFB7A40042374F /* Main.storyboard in Resources */,
			);
			runOnlyForDeploymentPostprocessing = 0;
		};
		200448B31FBFB7A40042374F /* Resources */ = {
			isa = PBXResourcesBuildPhase;
			buildActionMask = 2147483647;
			files = (
			);
			runOnlyForDeploymentPostprocessing = 0;
		};
		200448BE1FBFB7A40042374F /* Resources */ = {
			isa = PBXResourcesBuildPhase;
			buildActionMask = 2147483647;
			files = (
			);
			runOnlyForDeploymentPostprocessing = 0;
		};
/* End PBXResourcesBuildPhase section */

/* Begin PBXSourcesBuildPhase section */
		2004489D1FBFB7A40042374F /* Sources */ = {
			isa = PBXSourcesBuildPhase;
			buildActionMask = 2147483647;
			files = (
				200448A71FBFB7A40042374F /* ViewController.swift in Sources */,
				200448A51FBFB7A40042374F /* AppDelegate.swift in Sources */,
			);
			runOnlyForDeploymentPostprocessing = 0;
		};
		200448B11FBFB7A40042374F /* Sources */ = {
			isa = PBXSourcesBuildPhase;
			buildActionMask = 2147483647;
			files = (
				200448BA1FBFB7A40042374F /* Team02_BlueTests.swift in Sources */,
			);
			runOnlyForDeploymentPostprocessing = 0;
		};
		200448BC1FBFB7A40042374F /* Sources */ = {
			isa = PBXSourcesBuildPhase;
			buildActionMask = 2147483647;
			files = (
				200448C51FBFB7A40042374F /* Team02_BlueUITests.swift in Sources */,
			);
			runOnlyForDeploymentPostprocessing = 0;
		};
/* End PBXSourcesBuildPhase section */

/* Begin PBXTargetDependency section */
		200448B71FBFB7A40042374F /* PBXTargetDependency */ = {
			isa = PBXTargetDependency;
			target = 200448A01FBFB7A40042374F /* Team02_Blue */;
			targetProxy = 200448B61FBFB7A40042374F /* PBXContainerItemProxy */;
		};
		200448C21FBFB7A40042374F /* PBXTargetDependency */ = {
			isa = PBXTargetDependency;
			target = 200448A01FBFB7A40042374F /* Team02_Blue */;
			targetProxy = 200448C11FBFB7A40042374F /* PBXContainerItemProxy */;
		};
/* End PBXTargetDependency section */

/* Begin PBXVariantGroup section */
		200448A81FBFB7A40042374F /* Main.storyboard */ = {
			isa = PBXVariantGroup;
			children = (
				200448A91FBFB7A40042374F /* Base */,
			);
			name = Main.storyboard;
			sourceTree = "<group>";
		};
		200448AD1FBFB7A40042374F /* LaunchScreen.storyboard */ = {
			isa = PBXVariantGroup;
			children = (
				200448AE1FBFB7A40042374F /* Base */,
			);
			name = LaunchScreen.storyboard;
			sourceTree = "<group>";
		};
/* End PBXVariantGroup section */

/* Begin XCBuildConfiguration section */
		200448C71FBFB7A40042374F /* Debug */ = {
			isa = XCBuildConfiguration;
			buildSettings = {
				ALWAYS_SEARCH_USER_PATHS = NO;
				CLANG_ANALYZER_NONNULL = YES;
				CLANG_ANALYZER_NUMBER_OBJECT_CONVERSION = YES_AGGRESSIVE;
				CLANG_CXX_LANGUAGE_STANDARD = "gnu++14";
				CLANG_CXX_LIBRARY = "libc++";
				CLANG_ENABLE_MODULES = YES;
				CLANG_ENABLE_OBJC_ARC = YES;
				CLANG_WARN_BLOCK_CAPTURE_AUTORELEASING = YES;
				CLANG_WARN_BOOL_CONVERSION = YES;
				CLANG_WARN_COMMA = YES;
				CLANG_WARN_CONSTANT_CONVERSION = YES;
				CLANG_WARN_DIRECT_OBJC_ISA_USAGE = YES_ERROR;
				CLANG_WARN_DOCUMENTATION_COMMENTS = YES;
				CLANG_WARN_EMPTY_BODY = YES;
				CLANG_WARN_ENUM_CONVERSION = YES;
				CLANG_WARN_INFINITE_RECURSION = YES;
				CLANG_WARN_INT_CONVERSION = YES;
				CLANG_WARN_NON_LITERAL_NULL_CONVERSION = YES;
				CLANG_WARN_OBJC_LITERAL_CONVERSION = YES;
				CLANG_WARN_OBJC_ROOT_CLASS = YES_ERROR;
				CLANG_WARN_RANGE_LOOP_ANALYSIS = YES;
				CLANG_WARN_STRICT_PROTOTYPES = YES;
				CLANG_WARN_SUSPICIOUS_MOVE = YES;
				CLANG_WARN_UNGUARDED_AVAILABILITY = YES_AGGRESSIVE;
				CLANG_WARN_UNREACHABLE_CODE = YES;
				CLANG_WARN__DUPLICATE_METHOD_MATCH = YES;
				CODE_SIGN_IDENTITY = "iPhone Developer";
				COPY_PHASE_STRIP = NO;
				DEBUG_INFORMATION_FORMAT = dwarf;
				ENABLE_STRICT_OBJC_MSGSEND = YES;
				ENABLE_TESTABILITY = YES;
				GCC_C_LANGUAGE_STANDARD = gnu11;
				GCC_DYNAMIC_NO_PIC = NO;
				GCC_NO_COMMON_BLOCKS = YES;
				GCC_OPTIMIZATION_LEVEL = 0;
				GCC_PREPROCESSOR_DEFINITIONS = (
					"DEBUG=1",
					"$(inherited)",
				);
				GCC_WARN_64_TO_32_BIT_CONVERSION = YES;
				GCC_WARN_ABOUT_RETURN_TYPE = YES_ERROR;
				GCC_WARN_UNDECLARED_SELECTOR = YES;
				GCC_WARN_UNINITIALIZED_AUTOS = YES_AGGRESSIVE;
				GCC_WARN_UNUSED_FUNCTION = YES;
				GCC_WARN_UNUSED_VARIABLE = YES;
				IPHONEOS_DEPLOYMENT_TARGET = 11.1;
				MTL_ENABLE_DEBUG_INFO = YES;
				ONLY_ACTIVE_ARCH = YES;
				SDKROOT = iphoneos;
				SWIFT_ACTIVE_COMPILATION_CONDITIONS = DEBUG;
				SWIFT_OPTIMIZATION_LEVEL = "-Onone";
			};
			name = Debug;
		};
		200448C81FBFB7A40042374F /* Release */ = {
			isa = XCBuildConfiguration;
			buildSettings = {
				ALWAYS_SEARCH_USER_PATHS = NO;
				CLANG_ANALYZER_NONNULL = YES;
				CLANG_ANALYZER_NUMBER_OBJECT_CONVERSION = YES_AGGRESSIVE;
				CLANG_CXX_LANGUAGE_STANDARD = "gnu++14";
				CLANG_CXX_LIBRARY = "libc++";
				CLANG_ENABLE_MODULES = YES;
				CLANG_ENABLE_OBJC_ARC = YES;
				CLANG_WARN_BLOCK_CAPTURE_AUTORELEASING = YES;
				CLANG_WARN_BOOL_CONVERSION = YES;
				CLANG_WARN_COMMA = YES;
				CLANG_WARN_CONSTANT_CONVERSION = YES;
				CLANG_WARN_DIRECT_OBJC_ISA_USAGE = YES_ERROR;
				CLANG_WARN_DOCUMENTATION_COMMENTS = YES;
				CLANG_WARN_EMPTY_BODY = YES;
				CLANG_WARN_ENUM_CONVERSION = YES;
				CLANG_WARN_INFINITE_RECURSION = YES;
				CLANG_WARN_INT_CONVERSION = YES;
				CLANG_WARN_NON_LITERAL_NULL_CONVERSION = YES;
				CLANG_WARN_OBJC_LITERAL_CONVERSION = YES;
				CLANG_WARN_OBJC_ROOT_CLASS = YES_ERROR;
				CLANG_WARN_RANGE_LOOP_ANALYSIS = YES;
				CLANG_WARN_STRICT_PROTOTYPES = YES;
				CLANG_WARN_SUSPICIOUS_MOVE = YES;
				CLANG_WARN_UNGUARDED_AVAILABILITY = YES_AGGRESSIVE;
				CLANG_WARN_UNREACHABLE_CODE = YES;
				CLANG_WARN__DUPLICATE_METHOD_MATCH = YES;
				CODE_SIGN_IDENTITY = "iPhone Developer";
				COPY_PHASE_STRIP = NO;
				DEBUG_INFORMATION_FORMAT = "dwarf-with-dsym";
				ENABLE_NS_ASSERTIONS = NO;
				ENABLE_STRICT_OBJC_MSGSEND = YES;
				GCC_C_LANGUAGE_STANDARD = gnu11;
				GCC_NO_COMMON_BLOCKS = YES;
				GCC_WARN_64_TO_32_BIT_CONVERSION = YES;
				GCC_WARN_ABOUT_RETURN_TYPE = YES_ERROR;
				GCC_WARN_UNDECLARED_SELECTOR = YES;
				GCC_WARN_UNINITIALIZED_AUTOS = YES_AGGRESSIVE;
				GCC_WARN_UNUSED_FUNCTION = YES;
				GCC_WARN_UNUSED_VARIABLE = YES;
				IPHONEOS_DEPLOYMENT_TARGET = 11.1;
				MTL_ENABLE_DEBUG_INFO = NO;
				SDKROOT = iphoneos;
				SWIFT_OPTIMIZATION_LEVEL = "-Owholemodule";
				VALIDATE_PRODUCT = YES;
			};
			name = Release;
		};
		200448CA1FBFB7A40042374F /* Debug */ = {
			isa = XCBuildConfiguration;
			buildSettings = {
				ASSETCATALOG_COMPILER_APPICON_NAME = AppIcon;
				CODE_SIGN_STYLE = Automatic;
				INFOPLIST_FILE = Team02_Blue/Info.plist;
				IPHONEOS_DEPLOYMENT_TARGET = 10.1;
				LD_RUNPATH_SEARCH_PATHS = "$(inherited) @executable_path/Frameworks";
				PRODUCT_BUNDLE_IDENTIFIER = "Blue-Team.Team02-Blue";
				PRODUCT_NAME = "$(TARGET_NAME)";
				SWIFT_VERSION = 4.0;
				TARGETED_DEVICE_FAMILY = 2;
			};
			name = Debug;
		};
		200448CB1FBFB7A40042374F /* Release */ = {
			isa = XCBuildConfiguration;
			buildSettings = {
				ASSETCATALOG_COMPILER_APPICON_NAME = AppIcon;
				CODE_SIGN_STYLE = Automatic;
				INFOPLIST_FILE = Team02_Blue/Info.plist;
				IPHONEOS_DEPLOYMENT_TARGET = 10.1;
				LD_RUNPATH_SEARCH_PATHS = "$(inherited) @executable_path/Frameworks";
				PRODUCT_BUNDLE_IDENTIFIER = "Blue-Team.Team02-Blue";
				PRODUCT_NAME = "$(TARGET_NAME)";
				SWIFT_VERSION = 4.0;
				TARGETED_DEVICE_FAMILY = 2;
			};
			name = Release;
		};
		200448CD1FBFB7A40042374F /* Debug */ = {
			isa = XCBuildConfiguration;
			buildSettings = {
				ALWAYS_EMBED_SWIFT_STANDARD_LIBRARIES = YES;
				BUNDLE_LOADER = "$(TEST_HOST)";
				CODE_SIGN_STYLE = Automatic;
				INFOPLIST_FILE = Team02_BlueTests/Info.plist;
				LD_RUNPATH_SEARCH_PATHS = "$(inherited) @executable_path/Frameworks @loader_path/Frameworks";
				PRODUCT_BUNDLE_IDENTIFIER = "Blue-Team.Team02-BlueTests";
				PRODUCT_NAME = "$(TARGET_NAME)";
				SWIFT_VERSION = 4.0;
				TARGETED_DEVICE_FAMILY = "1,2";
				TEST_HOST = "$(BUILT_PRODUCTS_DIR)/Team02_Blue.app/Team02_Blue";
			};
			name = Debug;
		};
		200448CE1FBFB7A40042374F /* Release */ = {
			isa = XCBuildConfiguration;
			buildSettings = {
				ALWAYS_EMBED_SWIFT_STANDARD_LIBRARIES = YES;
				BUNDLE_LOADER = "$(TEST_HOST)";
				CODE_SIGN_STYLE = Automatic;
				INFOPLIST_FILE = Team02_BlueTests/Info.plist;
				LD_RUNPATH_SEARCH_PATHS = "$(inherited) @executable_path/Frameworks @loader_path/Frameworks";
				PRODUCT_BUNDLE_IDENTIFIER = "Blue-Team.Team02-BlueTests";
				PRODUCT_NAME = "$(TARGET_NAME)";
				SWIFT_VERSION = 4.0;
				TARGETED_DEVICE_FAMILY = "1,2";
				TEST_HOST = "$(BUILT_PRODUCTS_DIR)/Team02_Blue.app/Team02_Blue";
			};
			name = Release;
		};
		200448D01FBFB7A40042374F /* Debug */ = {
			isa = XCBuildConfiguration;
			buildSettings = {
				ALWAYS_EMBED_SWIFT_STANDARD_LIBRARIES = YES;
				CODE_SIGN_STYLE = Automatic;
				INFOPLIST_FILE = Team02_BlueUITests/Info.plist;
				LD_RUNPATH_SEARCH_PATHS = "$(inherited) @executable_path/Frameworks @loader_path/Frameworks";
				PRODUCT_BUNDLE_IDENTIFIER = "Blue-Team.Team02-BlueUITests";
				PRODUCT_NAME = "$(TARGET_NAME)";
				SWIFT_VERSION = 4.0;
				TARGETED_DEVICE_FAMILY = "1,2";
				TEST_TARGET_NAME = Team02_Blue;
			};
			name = Debug;
		};
		200448D11FBFB7A40042374F /* Release */ = {
			isa = XCBuildConfiguration;
			buildSettings = {
				ALWAYS_EMBED_SWIFT_STANDARD_LIBRARIES = YES;
				CODE_SIGN_STYLE = Automatic;
				INFOPLIST_FILE = Team02_BlueUITests/Info.plist;
				LD_RUNPATH_SEARCH_PATHS = "$(inherited) @executable_path/Frameworks @loader_path/Frameworks";
				PRODUCT_BUNDLE_IDENTIFIER = "Blue-Team.Team02-BlueUITests";
				PRODUCT_NAME = "$(TARGET_NAME)";
				SWIFT_VERSION = 4.0;
				TARGETED_DEVICE_FAMILY = "1,2";
				TEST_TARGET_NAME = Team02_Blue;
			};
			name = Release;
		};
/* End XCBuildConfiguration section */

/* Begin XCConfigurationList section */
		2004489C1FBFB7A40042374F /* Build configuration list for PBXProject "Team02_Blue" */ = {
			isa = XCConfigurationList;
			buildConfigurations = (
				200448C71FBFB7A40042374F /* Debug */,
				200448C81FBFB7A40042374F /* Release */,
			);
			defaultConfigurationIsVisible = 0;
			defaultConfigurationName = Release;
		};
		200448C91FBFB7A40042374F /* Build configuration list for PBXNativeTarget "Team02_Blue" */ = {
			isa = XCConfigurationList;
			buildConfigurations = (
				200448CA1FBFB7A40042374F /* Debug */,
				200448CB1FBFB7A40042374F /* Release */,
			);
			defaultConfigurationIsVisible = 0;
			defaultConfigurationName = Release;
		};
		200448CC1FBFB7A40042374F /* Build configuration list for PBXNativeTarget "Team02_BlueTests" */ = {
			isa = XCConfigurationList;
			buildConfigurations = (
				200448CD1FBFB7A40042374F /* Debug */,
				200448CE1FBFB7A40042374F /* Release */,
			);
			defaultConfigurationIsVisible = 0;
			defaultConfigurationName = Release;
		};
		200448CF1FBFB7A40042374F /* Build configuration list for PBXNativeTarget "Team02_BlueUITests" */ = {
			isa = XCConfigurationList;
			buildConfigurations = (
				200448D01FBFB7A40042374F /* Debug */,
				200448D11FBFB7A40042374F /* Release */,
			);
			defaultConfigurationIsVisible = 0;
			defaultConfigurationName = Release;
		};
/* End XCConfigurationList section */
	};
	rootObject = 200448991FBFB7A40042374F /* Project object */;
}
